
Microsoft Visual Studio Solution File, Format Version 12.00
Project("{FAE04EC0-301F-11D3-BF4B-00C04F79EFBC}") = "Lab1", "Lab1\Lab1.csproj", "{4E09D922-831E-46FB-8C70-989456292653}"
EndProject
Project("{FAE04EC0-301F-11D3-BF4B-00C04F79EFBC}") = "Lab2", "Lab2\Lab2.csproj", "{4E09D922-831E-46FB-8C70-989456292653}"
EndProject
Project("{FAE04EC0-301F-11D3-BF4B-00C04F79EFBC}") = "Lab3", "Lab3\Lab3.csproj", "{4E09D922-831E-46FB-8C70-989456292653}"
EndProject
Project("{FAE04EC0-301F-11D3-BF4B-00C04F79EFBC}") = "TestLab1", "TestLab1\TestLab1.csproj", "{78581501-59CC-47B6-A0DF-1759E4F32165}"
EndProject
Project("{FAE04EC0-301F-11D3-BF4B-00C04F79EFBC}") = "TestLab2", "TestLab2\TestLab2.csproj", "{6D251B85-30FE-40E6-85E5-AF28BA5B6113}"
EndProject
Project("{FAE04EC0-301F-11D3-BF4B-00C04F79EFBC}") = "Lab4", "Lab4\Lab4.csproj", "{C5482DAB-675F-4633-A4AA-2E2DF723A598}"
EndProject
Global
	GlobalSection(SolutionConfigurationPlatforms) = preSolution
		Debug|Any CPU = Debug|Any CPU
		Release|Any CPU = Release|Any CPU
	EndGlobalSection
	GlobalSection(ProjectConfigurationPlatforms) = postSolution
		{4E09D922-831E-46FB-8C70-989456292653}.Debug|Any CPU.ActiveCfg = Debug|Any CPU
		{4E09D922-831E-46FB-8C70-989456292653}.Debug|Any CPU.Build.0 = Debug|Any CPU
		{4E09D922-831E-46FB-8C70-989456292653}.Release|Any CPU.ActiveCfg = Release|Any CPU
		{4E09D922-831E-46FB-8C70-989456292653}.Release|Any CPU.Build.0 = Release|Any CPU
		{78581501-59CC-47B6-A0DF-1759E4F32165}.Debug|Any CPU.ActiveCfg = Debug|Any CPU
		{78581501-59CC-47B6-A0DF-1759E4F32165}.Debug|Any CPU.Build.0 = Debug|Any CPU
		{78581501-59CC-47B6-A0DF-1759E4F32165}.Release|Any CPU.ActiveCfg = Release|Any CPU
		{78581501-59CC-47B6-A0DF-1759E4F32165}.Release|Any CPU.Build.0 = Release|Any CPU
		{6D251B85-30FE-40E6-85E5-AF28BA5B6113}.Debug|Any CPU.ActiveCfg = Debug|Any CPU
		{6D251B85-30FE-40E6-85E5-AF28BA5B6113}.Debug|Any CPU.Build.0 = Debug|Any CPU
		{6D251B85-30FE-40E6-85E5-AF28BA5B6113}.Release|Any CPU.ActiveCfg = Release|Any CPU
		{6D251B85-30FE-40E6-85E5-AF28BA5B6113}.Release|Any CPU.Build.0 = Release|Any CPU
		{C5482DAB-675F-4633-A4AA-2E2DF723A598}.Debug|Any CPU.ActiveCfg = Debug|Any CPU
		{C5482DAB-675F-4633-A4AA-2E2DF723A598}.Debug|Any CPU.Build.0 = Debug|Any CPU
		{C5482DAB-675F-4633-A4AA-2E2DF723A598}.Release|Any CPU.ActiveCfg = Release|Any CPU
		{C5482DAB-675F-4633-A4AA-2E2DF723A598}.Release|Any CPU.Build.0 = Release|Any CPU
	EndGlobalSection
EndGlobal
